
Microsoft Visual Studio Solution File, Format Version 12.00
# Visual Studio Version 16
VisualStudioVersion = 16.0.29728.190
MinimumVisualStudioVersion = 10.0.40219.1
Project("{FAE04EC0-301F-11D3-BF4B-00C04F79EFBC}") = "Lab13", "Lab13\Lab13.csproj", "{FE1CA4D1-5332-4726-8977-A9817ACAA337}"
EndProject
Global
	GlobalSection(SolutionConfigurationPlatforms) = preSolution
		Debug|Any CPU = Debug|Any CPU
		Release|Any CPU = Release|Any CPU
	EndGlobalSection
	GlobalSection(ProjectConfigurationPlatforms) = postSolution
		{FE1CA4D1-5332-4726-8977-A9817ACAA337}.Debug|Any CPU.ActiveCfg = Debug|Any CPU
		{FE1CA4D1-5332-4726-8977-A9817ACAA337}.Debug|Any CPU.Build.0 = Debug|Any CPU
		{FE1CA4D1-5332-4726-8977-A9817ACAA337}.Release|Any CPU.ActiveCfg = Release|Any CPU
		{FE1CA4D1-5332-4726-8977-A9817ACAA337}.Release|Any CPU.Build.0 = Release|Any CPU
	EndGlobalSection
	GlobalSection(SolutionProperties) = preSolution
		HideSolutionNode = FALSE
	EndGlobalSection
	GlobalSection(ExtensibilityGlobals) = postSolution
		SolutionGuid = {F404CE75-7025-480F-9DAA-385452DE0116}
	EndGlobalSection
EndGlobal
